
Microsoft Visual Studio Solution File, Format Version 12.00
# Visual Studio Version 17
VisualStudioVersion = 17.10.35013.160
MinimumVisualStudioVersion = 10.0.40219.1
Project("{FAE04EC0-301F-11D3-BF4B-00C04F79EFBC}") = "Lección3_Ejercicio2", "Lección3_Ejercicio2\Lección3_Ejercicio2.csproj", "{069B4E18-A39E-4B75-9E99-5A29312466BD}"
EndProject
Global
	GlobalSection(SolutionConfigurationPlatforms) = preSolution
		Debug|Any CPU = Debug|Any CPU
		Release|Any CPU = Release|Any CPU
	EndGlobalSection
	GlobalSection(ProjectConfigurationPlatforms) = postSolution
		{069B4E18-A39E-4B75-9E99-5A29312466BD}.Debug|Any CPU.ActiveCfg = Debug|Any CPU
		{069B4E18-A39E-4B75-9E99-5A29312466BD}.Debug|Any CPU.Build.0 = Debug|Any CPU
		{069B4E18-A39E-4B75-9E99-5A29312466BD}.Release|Any CPU.ActiveCfg = Release|Any CPU
		{069B4E18-A39E-4B75-9E99-5A29312466BD}.Release|Any CPU.Build.0 = Release|Any CPU
	EndGlobalSection
	GlobalSection(SolutionProperties) = preSolution
		HideSolutionNode = FALSE
	EndGlobalSection
	GlobalSection(ExtensibilityGlobals) = postSolution
		SolutionGuid = {59189D0A-DBDF-41B4-8CCB-B5C81F52562B}
	EndGlobalSection
EndGlobal
